<?xml version="1.0" encoding="utf-8"?>
<Project ToolsVersion="4.0" xmlns="http://schemas.microsoft.com/developer/msbuild/2003">
  <ItemGroup>
    <Filter Include="Coordinators">
      <UniqueIdentifier>{a0352635-112a-4c9c-b3fc-b32063b17815}</UniqueIdentifier>
    </Filter>
    <Filter Include="Descriptors">
      <UniqueIdentifier>{73694da6-70a2-40fd-a9e2-17d7a4ef9271}</UniqueIdentifier>
    </Filter>
    <Filter Include="Orders">
      <UniqueIdentifier>{f6171e58-c30c-45b1-8085-0b40a1d4135b}</UniqueIdentifier>
    </Filter>
    <Filter Include="Utils">
      <UniqueIdentifier>{24206751-6bda-4fa7-ae5d-6745ffcf63c0}</UniqueIdentifier>
    </Filter>
    <Filter Include="Main">
      <UniqueIdentifier>{fab41206-04d4-4b23-b8a1-e9d9599ff5d0}</UniqueIdentifier>
    </Filter>
    <Filter Include="Building">
      <UniqueIdentifier>{73d7ad3e-2a9d-402e-8df7-5efb1292eeb9}</UniqueIdentifier>
    </Filter>
    <Filter Include="Strategy">
      <UniqueIdentifier>{0b13bba9-bed8-4ec4-a6ea-420d312bcc2a}</UniqueIdentifier>
    </Filter>
    <Filter Include="Races">
      <UniqueIdentifier>{a9e0fca0-2e39-4c2c-baa7-de35ae978772}</UniqueIdentifier>
    </Filter>
    <Filter Include="Races\Zerg">
      <UniqueIdentifier>{d61136b3-9de9-42e6-905c-221742b01e15}</UniqueIdentifier>
    </Filter>
    <Filter Include="Races\Zerg\Buildings">
      <UniqueIdentifier>{dae460e2-10eb-4202-993c-4472351a2d17}</UniqueIdentifier>
    </Filter>
    <Filter Include="Races\Terran">
      <UniqueIdentifier>{0e98899f-2453-46c4-a489-92ce91361a72}</UniqueIdentifier>
    </Filter>
    <Filter Include="Races\Protoss">
      <UniqueIdentifier>{de791672-cbea-478b-b21f-b993ffeb170b}</UniqueIdentifier>
    </Filter>
    <Filter Include="Races\Terran\Buildings">
      <UniqueIdentifier>{9c1f0ffd-fb0f-499c-b995-d0a3816dc83b}</UniqueIdentifier>
    </Filter>
  </ItemGroup>
  <ItemGroup>
    <ClInclude Include="RaceDescriptor.h">
      <Filter>Descriptors</Filter>
    </ClInclude>
    <ClInclude Include="Logger.h">
      <Filter>Utils</Filter>
    </ClInclude>
    <ClInclude Include="Order.h">
      <Filter>Orders</Filter>
    </ClInclude>
    <ClInclude Include="GatherOrder.h">
      <Filter>Orders</Filter>
    </ClInclude>
    <ClInclude Include="Coordinator.h">
      <Filter>Coordinators</Filter>
    </ClInclude>
    <ClInclude Include="UnitDiscoveryCoordinator.h">
      <Filter>Coordinators</Filter>
    </ClInclude>
    <ClInclude Include="WorkerCoordinator.h">
      <Filter>Coordinators</Filter>
    </ClInclude>
    <ClInclude Include="Defines.h">
      <Filter>Main</Filter>
    </ClInclude>
    <ClInclude Include="Gateway.h">
      <Filter>Main</Filter>
    </ClInclude>
    <ClInclude Include="LizurdModule.h">
      <Filter>Main</Filter>
    </ClInclude>
    <ClInclude Include="Notification.h">
      <Filter>Main</Filter>
    </ClInclude>
    <ClInclude Include="ResourceCoordinator.h">
      <Filter>Coordinators</Filter>
    </ClInclude>
    <ClInclude Include="Building.h">
      <Filter>Building</Filter>
    </ClInclude>
    <ClInclude Include="BuildingPlacer.h">
      <Filter>Building</Filter>
    </ClInclude>
    <ClInclude Include="Base.h">
      <Filter>Building</Filter>
    </ClInclude>
    <ClInclude Include="ZergHatchery.h">
      <Filter>Races\Zerg\Buildings</Filter>
    </ClInclude>
    <ClInclude Include="ZergDescriptor.h">
      <Filter>Races\Zerg</Filter>
    </ClInclude>
    <ClInclude Include="BuildingNames.h">
      <Filter>Building</Filter>
    </ClInclude>
    <ClInclude Include="Strategy.h">
      <Filter>Strategy</Filter>
    </ClInclude>
    <ClInclude Include="StrategyCoordinator.h">
      <Filter>Coordinators</Filter>
    </ClInclude>
    <ClInclude Include="ProductionCoordinator.h">
      <Filter>Coordinators</Filter>
    </ClInclude>
    <ClInclude Include="Goal.h">
      <Filter>Strategy</Filter>
    </ClInclude>
    <ClInclude Include="ProductionOrder.h">
      <Filter>Orders</Filter>
    </ClInclude>
    <ClInclude Include="ProductionGoal.h">
      <Filter>Strategy</Filter>
    </ClInclude>
    <ClInclude Include="ConstructionGoal.h">
      <Filter>Strategy</Filter>
    </ClInclude>
    <ClInclude Include="TerranDescriptor.h">
      <Filter>Races\Terran</Filter>
    </ClInclude>
    <ClInclude Include="ProtossDescriptor.h">
      <Filter>Races\Protoss</Filter>
    </ClInclude>
    <ClInclude Include="TerranCommandCentre.h">
      <Filter>Races\Terran\Buildings</Filter>
    </ClInclude>
    <ClInclude Include="ResourceValue.h">
      <Filter>Utils</Filter>
    </ClInclude>
    <ClInclude Include="ConstructionCoordinator.h">
      <Filter>Coordinators</Filter>
    </ClInclude>
    <ClInclude Include="TypeSafeEnum.h">
      <Filter>Utils</Filter>
    </ClInclude>
    <ClInclude Include="RectangleArray.h">
      <Filter>Utils</Filter>
    </ClInclude>
    <ClInclude Include="ConstructionOrder.h">
      <Filter>Orders</Filter>
    </ClInclude>
    <ClInclude Include="ZergSpawningPool.h">
      <Filter>Races\Zerg\Buildings</Filter>
    </ClInclude>
    <ClInclude Include="ZergExtractor.h">
      <Filter>Races\Zerg\Buildings</Filter>
    </ClInclude>
    <ClInclude Include="GasOrder.h">
      <Filter>Orders</Filter>
    </ClInclude>
    <ClInclude Include="ZergHydraliskDen.h">
      <Filter>Races\Zerg\Buildings</Filter>
    </ClInclude>
    <ClInclude Include="SquadCoordinator.h">
      <Filter>Coordinators</Filter>
    </ClInclude>
    <ClInclude Include="AttackOrder.h">
      <Filter>Orders</Filter>
    </ClInclude>
  </ItemGroup>
  <ItemGroup>
    <ClCompile Include="Coordinator.cpp">
      <Filter>Coordinators</Filter>
    </ClCompile>
    <ClCompile Include="UnitDiscoveryCoordinator.cpp">
      <Filter>Coordinators</Filter>
    </ClCompile>
    <ClCompile Include="WorkerCoordinator.cpp">
      <Filter>Coordinators</Filter>
    </ClCompile>
    <ClCompile Include="RaceDescriptor.cpp">
      <Filter>Descriptors</Filter>
    </ClCompile>
    <ClCompile Include="GatherOrder.cpp">
      <Filter>Orders</Filter>
    </ClCompile>
    <ClCompile Include="Order.cpp">
      <Filter>Orders</Filter>
    </ClCompile>
    <ClCompile Include="Logger.cpp">
      <Filter>Utils</Filter>
    </ClCompile>
    <ClCompile Include="Gateway.cpp">
      <Filter>Main</Filter>
    </ClCompile>
    <ClCompile Include="LizurdModule.cpp">
      <Filter>Main</Filter>
    </ClCompile>
    <ClCompile Include="Notification.cpp">
      <Filter>Main</Filter>
    </ClCompile>
    <ClCompile Include="ResourceCoordinator.cpp">
      <Filter>Coordinators</Filter>
    </ClCompile>
    <ClCompile Include="Building.cpp">
      <Filter>Building</Filter>
    </ClCompile>
    <ClCompile Include="BuildingPlacer.cpp">
      <Filter>Building</Filter>
    </ClCompile>
    <ClCompile Include="Base.cpp">
      <Filter>Building</Filter>
    </ClCompile>
    <ClCompile Include="ZergHatchery.cpp">
      <Filter>Races\Zerg\Buildings</Filter>
    </ClCompile>
    <ClCompile Include="ZergDescriptor.cpp">
      <Filter>Races\Zerg</Filter>
    </ClCompile>
    <ClCompile Include="Strategy.cpp">
      <Filter>Strategy</Filter>
    </ClCompile>
    <ClCompile Include="StrategyCoordinator.cpp">
      <Filter>Coordinators</Filter>
    </ClCompile>
    <ClCompile Include="ProductionCoordinator.cpp">
      <Filter>Coordinators</Filter>
    </ClCompile>
    <ClCompile Include="Goal.cpp">
      <Filter>Strategy</Filter>
    </ClCompile>
    <ClCompile Include="ProductionOrder.cpp">
      <Filter>Orders</Filter>
    </ClCompile>
    <ClCompile Include="ProductionGoal.cpp">
      <Filter>Strategy</Filter>
    </ClCompile>
    <ClCompile Include="ConstructionGoal.cpp">
      <Filter>Strategy</Filter>
    </ClCompile>
    <ClCompile Include="TerranDescriptor.cpp">
      <Filter>Races\Terran</Filter>
    </ClCompile>
    <ClCompile Include="ProtossDescriptor.cpp">
      <Filter>Races\Protoss</Filter>
    </ClCompile>
    <ClCompile Include="TerranCommandCentre.cpp">
      <Filter>Races\Terran\Buildings</Filter>
    </ClCompile>
    <ClCompile Include="ResourceValue.cpp">
      <Filter>Utils</Filter>
    </ClCompile>
    <ClCompile Include="Dll.cpp">
      <Filter>Utils</Filter>
    </ClCompile>
    <ClCompile Include="ConstructionCoordinator.cpp">
      <Filter>Coordinators</Filter>
    </ClCompile>
    <ClCompile Include="ConstructionOrder.cpp">
      <Filter>Orders</Filter>
    </ClCompile>
    <ClCompile Include="ZergSpawningPool.cpp">
      <Filter>Races\Zerg\Buildings</Filter>
    </ClCompile>
    <ClCompile Include="ZergExtractor.cpp">
      <Filter>Races\Zerg\Buildings</Filter>
    </ClCompile>
    <ClCompile Include="GasOrder.cpp">
      <Filter>Orders</Filter>
    </ClCompile>
    <ClCompile Include="ZergHydraliskDen.cpp">
      <Filter>Races\Zerg\Buildings</Filter>
    </ClCompile>
    <ClCompile Include="SquadCoordinator.cpp">
      <Filter>Coordinators</Filter>
    </ClCompile>
    <ClCompile Include="AttackOrder.cpp">
      <Filter>Orders</Filter>
    </ClCompile>
  </ItemGroup>
</Project>