<?xml version="1.0" encoding="utf-8"?>
<Project ToolsVersion="4.0" xmlns="http://schemas.microsoft.com/developer/msbuild/2003">
  <ItemGroup>
    <Filter Include="Coordinators">
      <UniqueIdentifier>{a0352635-112a-4c9c-b3fc-b32063b17815}</UniqueIdentifier>
    </Filter>
    <Filter Include="Descriptors">
      <UniqueIdentifier>{73694da6-70a2-40fd-a9e2-17d7a4ef9271}</UniqueIdentifier>
    </Filter>
    <Filter Include="Orders">
      <UniqueIdentifier>{f6171e58-c30c-45b1-8085-0b40a1d4135b}</UniqueIdentifier>
    </Filter>
    <Filter Include="Utils">
      <UniqueIdentifier>{24206751-6bda-4fa7-ae5d-6745ffcf63c0}</UniqueIdentifier>
    </Filter>
    <Filter Include="Main">
      <UniqueIdentifier>{fab41206-04d4-4b23-b8a1-e9d9599ff5d0}</UniqueIdentifier>
    </Filter>
  </ItemGroup>
  <ItemGroup>
    <ClInclude Include="RaceDescriptor.h">
      <Filter>Descriptors</Filter>
    </ClInclude>
    <ClInclude Include="ZergDescriptor.h">
      <Filter>Descriptors</Filter>
    </ClInclude>
    <ClInclude Include="Logger.h">
      <Filter>Utils</Filter>
    </ClInclude>
    <ClInclude Include="Order.h">
      <Filter>Orders</Filter>
    </ClInclude>
    <ClInclude Include="GatherOrder.h">
      <Filter>Orders</Filter>
    </ClInclude>
    <ClInclude Include="Coordinator.h">
      <Filter>Coordinators</Filter>
    </ClInclude>
    <ClInclude Include="UnitDiscoveryCoordinator.h">
      <Filter>Coordinators</Filter>
    </ClInclude>
    <ClInclude Include="WorkerCoordinator.h">
      <Filter>Coordinators</Filter>
    </ClInclude>
    <ClInclude Include="Defines.h">
      <Filter>Main</Filter>
    </ClInclude>
    <ClInclude Include="Gateway.h">
      <Filter>Main</Filter>
    </ClInclude>
    <ClInclude Include="LizurdModule.h">
      <Filter>Main</Filter>
    </ClInclude>
    <ClInclude Include="Notification.h">
      <Filter>Main</Filter>
    </ClInclude>
    <ClInclude Include="ResourceCoordinator.h">
      <Filter>Coordinators</Filter>
    </ClInclude>
    <ClInclude Include="TypeSafeEnum.h">
      <Filter>Main</Filter>
    </ClInclude>
  </ItemGroup>
  <ItemGroup>
    <ClCompile Include="Coordinator.cpp">
      <Filter>Coordinators</Filter>
    </ClCompile>
    <ClCompile Include="UnitDiscoveryCoordinator.cpp">
      <Filter>Coordinators</Filter>
    </ClCompile>
    <ClCompile Include="WorkerCoordinator.cpp">
      <Filter>Coordinators</Filter>
    </ClCompile>
    <ClCompile Include="RaceDescriptor.cpp">
      <Filter>Descriptors</Filter>
    </ClCompile>
    <ClCompile Include="ZergDescriptor.cpp">
      <Filter>Descriptors</Filter>
    </ClCompile>
    <ClCompile Include="GatherOrder.cpp">
      <Filter>Orders</Filter>
    </ClCompile>
    <ClCompile Include="Order.cpp">
      <Filter>Orders</Filter>
    </ClCompile>
    <ClCompile Include="Logger.cpp">
      <Filter>Utils</Filter>
    </ClCompile>
    <ClCompile Include="Dll.cpp">
      <Filter>Main</Filter>
    </ClCompile>
    <ClCompile Include="Gateway.cpp">
      <Filter>Main</Filter>
    </ClCompile>
    <ClCompile Include="LizurdModule.cpp">
      <Filter>Main</Filter>
    </ClCompile>
    <ClCompile Include="Notification.cpp">
      <Filter>Main</Filter>
    </ClCompile>
    <ClCompile Include="ResourceCoordinator.cpp">
      <Filter>Coordinators</Filter>
    </ClCompile>
  </ItemGroup>
</Project>